// !$*UTF8*$!
{
	archiveVersion = 1;
	classes = {
	};
	objectVersion = 46;
	objects = {

/* Begin PBXBuildFile section */
		F0CA6EEC1E7022A20030F80A /* AppDelegate.swift in Sources */ = {isa = PBXBuildFile; fileRef = F0CA6EEB1E7022A20030F80A /* AppDelegate.swift */; };
		F0CA6EEE1E7022A20030F80A /* ViewController.swift in Sources */ = {isa = PBXBuildFile; fileRef = F0CA6EED1E7022A20030F80A /* ViewController.swift */; };
		F0CA6EF11E7022A20030F80A /* Main.storyboard in Resources */ = {isa = PBXBuildFile; fileRef = F0CA6EEF1E7022A20030F80A /* Main.storyboard */; };
		F0CA6EF31E7022A20030F80A /* Assets.xcassets in Resources */ = {isa = PBXBuildFile; fileRef = F0CA6EF21E7022A20030F80A /* Assets.xcassets */; };
		F0CA6EF61E7022A20030F80A /* LaunchScreen.storyboard in Resources */ = {isa = PBXBuildFile; fileRef = F0CA6EF41E7022A20030F80A /* LaunchScreen.storyboard */; };
		F0CA6EFE1E7024100030F80A /* water.jpg in Resources */ = {isa = PBXBuildFile; fileRef = F0CA6EFD1E7024100030F80A /* water.jpg */; };
		F0CA6F001E702CC90030F80A /* strandvagen.jpg in Resources */ = {isa = PBXBuildFile; fileRef = F0CA6EFF1E702CC90030F80A /* strandvagen.jpg */; };
/* End PBXBuildFile section */

/* Begin PBXFileReference section */
		F0CA6EE81E7022A20030F80A /* DemoScrollView.app */ = {isa = PBXFileReference; explicitFileType = wrapper.application; includeInIndex = 0; path = DemoScrollView.app; sourceTree = BUILT_PRODUCTS_DIR; };
		F0CA6EEB1E7022A20030F80A /* AppDelegate.swift */ = {isa = PBXFileReference; lastKnownFileType = sourcecode.swift; path = AppDelegate.swift; sourceTree = "<group>"; };
		F0CA6EED1E7022A20030F80A /* ViewController.swift */ = {isa = PBXFileReference; lastKnownFileType = sourcecode.swift; path = ViewController.swift; sourceTree = "<group>"; };
		F0CA6EF01E7022A20030F80A /* Base */ = {isa = PBXFileReference; lastKnownFileType = file.storyboard; name = Base; path = Base.lproj/Main.storyboard; sourceTree = "<group>"; };
		F0CA6EF21E7022A20030F80A /* Assets.xcassets */ = {isa = PBXFileReference; lastKnownFileType = folder.assetcatalog; path = Assets.xcassets; sourceTree = "<group>"; };
		F0CA6EF51E7022A20030F80A /* Base */ = {isa = PBXFileReference; lastKnownFileType = file.storyboard; name = Base; path = Base.lproj/LaunchScreen.storyboard; sourceTree = "<group>"; };
		F0CA6EF71E7022A20030F80A /* Info.plist */ = {isa = PBXFileReference; lastKnownFileType = text.plist.xml; path = Info.plist; sourceTree = "<group>"; };
		F0CA6EFD1E7024100030F80A /* water.jpg */ = {isa = PBXFileReference; lastKnownFileType = image.jpeg; path = water.jpg; sourceTree = "<group>"; };
		F0CA6EFF1E702CC90030F80A /* strandvagen.jpg */ = {isa = PBXFileReference; lastKnownFileType = image.jpeg; path = strandvagen.jpg; sourceTree = "<group>"; };
/* End PBXFileReference section */

/* Begin PBXFrameworksBuildPhase section */
		F0CA6EE51E7022A20030F80A /* Frameworks */ = {
			isa = PBXFrameworksBuildPhase;
			buildActionMask = 2147483647;
			files = (
			);
			runOnlyForDeploymentPostprocessing = 0;
		};
/* End PBXFrameworksBuildPhase section */

/* Begin PBXGroup section */
		F0CA6EDF1E7022A20030F80A = {
			isa = PBXGroup;
			children = (
				F0CA6EFD1E7024100030F80A /* water.jpg */,
				F0CA6EFF1E702CC90030F80A /* strandvagen.jpg */,
				F0CA6EEA1E7022A20030F80A /* DemoScrollView */,
				F0CA6EE91E7022A20030F80A /* Products */,
			);
			sourceTree = "<group>";
		};
		F0CA6EE91E7022A20030F80A /* Products */ = {
			isa = PBXGroup;
			children = (
				F0CA6EE81E7022A20030F80A /* DemoScrollView.app */,
			);
			name = Products;
			sourceTree = "<group>";
		};
		F0CA6EEA1E7022A20030F80A /* DemoScrollView */ = {
			isa = PBXGroup;
			children = (
				F0CA6EEB1E7022A20030F80A /* AppDelegate.swift */,
				F0CA6EED1E7022A20030F80A /* ViewController.swift */,
				F0CA6EEF1E7022A20030F80A /* Main.storyboard */,
				F0CA6EF21E7022A20030F80A /* Assets.xcassets */,
				F0CA6EF41E7022A20030F80A /* LaunchScreen.storyboard */,
				F0CA6EF71E7022A20030F80A /* Info.plist */,
			);
			path = DemoScrollView;
			sourceTree = "<group>";
		};
/* End PBXGroup section */

/* Begin PBXNativeTarget section */
		F0CA6EE71E7022A20030F80A /* DemoScrollView */ = {
			isa = PBXNativeTarget;
			buildConfigurationList = F0CA6EFA1E7022A20030F80A /* Build configuration list for PBXNativeTarget "DemoScrollView" */;
			buildPhases = (
				F0CA6EE41E7022A20030F80A /* Sources */,
				F0CA6EE51E7022A20030F80A /* Frameworks */,
				F0CA6EE61E7022A20030F80A /* Resources */,
			);
			buildRules = (
			);
			dependencies = (
			);
			name = DemoScrollView;
			productName = DemoScrollView;
			productReference = F0CA6EE81E7022A20030F80A /* DemoScrollView.app */;
			productType = "com.apple.product-type.application";
		};
/* End PBXNativeTarget section */

/* Begin PBXProject section */
		F0CA6EE01E7022A20030F80A /* Project object */ = {
			isa = PBXProject;
			attributes = {
				LastSwiftUpdateCheck = 0820;
				LastUpgradeCheck = 0820;
				ORGANIZATIONNAME = "Jony Singla";
				TargetAttributes = {
					F0CA6EE71E7022A20030F80A = {
						CreatedOnToolsVersion = 8.2.1;
						ProvisioningStyle = Automatic;
					};
				};
			};
			buildConfigurationList = F0CA6EE31E7022A20030F80A /* Build configuration list for PBXProject "DemoScrollView" */;
			compatibilityVersion = "Xcode 3.2";
			developmentRegion = English;
			hasScannedForEncodings = 0;
			knownRegions = (
				en,
				Base,
			);
			mainGroup = F0CA6EDF1E7022A20030F80A;
			productRefGroup = F0CA6EE91E7022A20030F80A /* Products */;
			projectDirPath = "";
			projectRoot = "";
			targets = (
				F0CA6EE71E7022A20030F80A /* DemoScrollView */,
			);
		};
/* End PBXProject section */

/* Begin PBXResourcesBuildPhase section */
		F0CA6EE61E7022A20030F80A /* Resources */ = {
			isa = PBXResourcesBuildPhase;
			buildActionMask = 2147483647;
			files = (
				F0CA6EF61E7022A20030F80A /* LaunchScreen.storyboard in Resources */,
				F0CA6EF31E7022A20030F80A /* Assets.xcassets in Resources */,
				F0CA6F001E702CC90030F80A /* strandvagen.jpg in Resources */,
				F0CA6EF11E7022A20030F80A /* Main.storyboard in Resources */,
				F0CA6EFE1E7024100030F80A /* water.jpg in Resources */,
			);
			runOnlyForDeploymentPostprocessing = 0;
		};
/* End PBXResourcesBuildPhase section */

/* Begin PBXSourcesBuildPhase section */
		F0CA6EE41E7022A20030F80A /* Sources */ = {
			isa = PBXSourcesBuildPhase;
			buildActionMask = 2147483647;
			files = (
				F0CA6EEE1E7022A20030F80A /* ViewController.swift in Sources */,
				F0CA6EEC1E7022A20030F80A /* AppDelegate.swift in Sources */,
			);
			runOnlyForDeploymentPostprocessing = 0;
		};
/* End PBXSourcesBuildPhase section */

/* Begin PBXVariantGroup section */
		F0CA6EEF1E7022A20030F80A /* Main.storyboard */ = {
			isa = PBXVariantGroup;
			children = (
				F0CA6EF01E7022A20030F80A /* Base */,
			);
			name = Main.storyboard;
			sourceTree = "<group>";
		};
		F0CA6EF41E7022A20030F80A /* LaunchScreen.storyboard */ = {
			isa = PBXVariantGroup;
			children = (
				F0CA6EF51E7022A20030F80A /* Base */,
			);
			name = LaunchScreen.storyboard;
			sourceTree = "<group>";
		};
/* End PBXVariantGroup section */

/* Begin XCBuildConfiguration section */
		F0CA6EF81E7022A20030F80A /* Debug */ = {
			isa = XCBuildConfiguration;
			buildSettings = {
				ALWAYS_SEARCH_USER_PATHS = NO;
				CLANG_ANALYZER_NONNULL = YES;
				CLANG_CXX_LANGUAGE_STANDARD = "gnu++0x";
				CLANG_CXX_LIBRARY = "libc++";
				CLANG_ENABLE_MODULES = YES;
				CLANG_ENABLE_OBJC_ARC = YES;
				CLANG_WARN_BOOL_CONVERSION = YES;
				CLANG_WARN_CONSTANT_CONVERSION = YES;
				CLANG_WARN_DIRECT_OBJC_ISA_USAGE = YES_ERROR;
				CLANG_WARN_DOCUMENTATION_COMMENTS = YES;
				CLANG_WARN_EMPTY_BODY = YES;
				CLANG_WARN_ENUM_CONVERSION = YES;
				CLANG_WARN_INFINITE_RECURSION = YES;
				CLANG_WARN_INT_CONVERSION = YES;
				CLANG_WARN_OBJC_ROOT_CLASS = YES_ERROR;
				CLANG_WARN_SUSPICIOUS_MOVE = YES;
				CLANG_WARN_UNREACHABLE_CODE = YES;
				CLANG_WARN__DUPLICATE_METHOD_MATCH = YES;
				"CODE_SIGN_IDENTITY[sdk=iphoneos*]" = "iPhone Developer";
				COPY_PHASE_STRIP = NO;
				DEBUG_INFORMATION_FORMAT = dwarf;
				ENABLE_STRICT_OBJC_MSGSEND = YES;
				ENABLE_TESTABILITY = YES;
				GCC_C_LANGUAGE_STANDARD = gnu99;
				GCC_DYNAMIC_NO_PIC = NO;
				GCC_NO_COMMON_BLOCKS = YES;
				GCC_OPTIMIZATION_LEVEL = 0;
				GCC_PREPROCESSOR_DEFINITIONS = (
					"DEBUG=1",
					"$(inherited)",
				);
				GCC_WARN_64_TO_32_BIT_CONVERSION = YES;
				GCC_WARN_ABOUT_RETURN_TYPE = YES_ERROR;
				GCC_WARN_UNDECLARED_SELECTOR = YES;
				GCC_WARN_UNINITIALIZED_AUTOS = YES_AGGRESSIVE;
				GCC_WARN_UNUSED_FUNCTION = YES;
				GCC_WARN_UNUSED_VARIABLE = YES;
				IPHONEOS_DEPLOYMENT_TARGET = 10.2;
				MTL_ENABLE_DEBUG_INFO = YES;
				ONLY_ACTIVE_ARCH = YES;
				SDKROOT = iphoneos;
				SWIFT_ACTIVE_COMPILATION_CONDITIONS = DEBUG;
				SWIFT_OPTIMIZATION_LEVEL = "-Onone";
				TARGETED_DEVICE_FAMILY = "1,2";
			};
			name = Debug;
		};
		F0CA6EF91E7022A20030F80A /* Release */ = {
			isa = XCBuildConfiguration;
			buildSettings = {
				ALWAYS_SEARCH_USER_PATHS = NO;
				CLANG_ANALYZER_NONNULL = YES;
				CLANG_CXX_LANGUAGE_STANDARD = "gnu++0x";
				CLANG_CXX_LIBRARY = "libc++";
				CLANG_ENABLE_MODULES = YES;
				CLANG_ENABLE_OBJC_ARC = YES;
				CLANG_WARN_BOOL_CONVERSION = YES;
				CLANG_WARN_CONSTANT_CONVERSION = YES;
				CLANG_WARN_DIRECT_OBJC_ISA_USAGE = YES_ERROR;
				CLANG_WARN_DOCUMENTATION_COMMENTS = YES;
				CLANG_WARN_EMPTY_BODY = YES;
				CLANG_WARN_ENUM_CONVERSION = YES;
				CLANG_WARN_INFINITE_RECURSION = YES;
				CLANG_WARN_INT_CONVERSION = YES;
				CLANG_WARN_OBJC_ROOT_CLASS = YES_ERROR;
				CLANG_WARN_SUSPICIOUS_MOVE = YES;
				CLANG_WARN_UNREACHABLE_CODE = YES;
				CLANG_WARN__DUPLICATE_METHOD_MATCH = YES;
				"CODE_SIGN_IDENTITY[sdk=iphoneos*]" = "iPhone Developer";
				COPY_PHASE_STRIP = NO;
				DEBUG_INFORMATION_FORMAT = "dwarf-with-dsym";
				ENABLE_NS_ASSERTIONS = NO;
				ENABLE_STRICT_OBJC_MSGSEND = YES;
				GCC_C_LANGUAGE_STANDARD = gnu99;
				GCC_NO_COMMON_BLOCKS = YES;
				GCC_WARN_64_TO_32_BIT_CONVERSION = YES;
				GCC_WARN_ABOUT_RETURN_TYPE = YES_ERROR;
				GCC_WARN_UNDECLARED_SELECTOR = YES;
				GCC_WARN_UNINITIALIZED_AUTOS = YES_AGGRESSIVE;
				GCC_WARN_UNUSED_FUNCTION = YES;
				GCC_WARN_UNUSED_VARIABLE = YES;
				IPHONEOS_DEPLOYMENT_TARGET = 10.2;
				MTL_ENABLE_DEBUG_INFO = NO;
				SDKROOT = iphoneos;
				SWIFT_OPTIMIZATION_LEVEL = "-Owholemodule";
				TARGETED_DEVICE_FAMILY = "1,2";
				VALIDATE_PRODUCT = YES;
			};
			name = Release;
		};
		F0CA6EFB1E7022A20030F80A /* Debug */ = {
			isa = XCBuildConfiguration;
			buildSettings = {
				ASSETCATALOG_COMPILER_APPICON_NAME = AppIcon;
				INFOPLIST_FILE = DemoScrollView/Info.plist;
				LD_RUNPATH_SEARCH_PATHS = "$(inherited) @executable_path/Frameworks";
				PRODUCT_BUNDLE_IDENTIFIER = yourvoice.DemoScrollView;
				PRODUCT_NAME = "$(TARGET_NAME)";
				SWIFT_VERSION = 3.0;
			};
			name = Debug;
		};
		F0CA6EFC1E7022A20030F80A /* Release */ = {
			isa = XCBuildConfiguration;
			buildSettings = {
				ASSETCATALOG_COMPILER_APPICON_NAME = AppIcon;
				INFOPLIST_FILE = DemoScrollView/Info.plist;
				LD_RUNPATH_SEARCH_PATHS = "$(inherited) @executable_path/Frameworks";
				PRODUCT_BUNDLE_IDENTIFIER = yourvoice.DemoScrollView;
				PRODUCT_NAME = "$(TARGET_NAME)";
				SWIFT_VERSION = 3.0;
			};
			name = Release;
		};
/* End XCBuildConfiguration section */

/* Begin XCConfigurationList section */
		F0CA6EE31E7022A20030F80A /* Build configuration list for PBXProject "DemoScrollView" */ = {
			isa = XCConfigurationList;
			buildConfigurations = (
				F0CA6EF81E7022A20030F80A /* Debug */,
				F0CA6EF91E7022A20030F80A /* Release */,
			);
			defaultConfigurationIsVisible = 0;
			defaultConfigurationName = Release;
		};
		F0CA6EFA1E7022A20030F80A /* Build configuration list for PBXNativeTarget "DemoScrollView" */ = {
			isa = XCConfigurationList;
			buildConfigurations = (
				F0CA6EFB1E7022A20030F80A /* Debug */,
				F0CA6EFC1E7022A20030F80A /* Release */,
			);
			defaultConfigurationIsVisible = 0;
		};
/* End XCConfigurationList section */
	};
	rootObject = F0CA6EE01E7022A20030F80A /* Project object */;
}
